
Microsoft Visual Studio Solution File, Format Version 12.00
# Visual Studio Version 16
VisualStudioVersion = 16.0.34301.259
MinimumVisualStudioVersion = 10.0.40219.1
Project("{8BC9CEB8-8B4A-11D0-8D11-00A0C91BC942}") = "HAS3_NH_TestProgram", "nHost_HAS3.vcxproj", "{80E95865-DD5A-4E90-83FE-10BC3EB7B3B1}"
EndProject
Project("{8BC9CEB8-8B4A-11D0-8D11-00A0C91BC942}") = "nHost_Dematic", "nHost_Dematic\nHost_Dematic\nHost_Dematic.vcxproj", "{E7CB2F10-AFA5-4EDB-AAAB-23330472A928}"
EndProject
Global
	GlobalSection(SolutionConfigurationPlatforms) = preSolution
		Debug|Win32 = Debug|Win32
		Debug|x64 = Debug|x64
		Release|Win32 = Release|Win32
		Release|x64 = Release|x64
	EndGlobalSection
	GlobalSection(ProjectConfigurationPlatforms) = postSolution
		{80E95865-DD5A-4E90-83FE-10BC3EB7B3B1}.Debug|Win32.ActiveCfg = Debug|Win32
		{80E95865-DD5A-4E90-83FE-10BC3EB7B3B1}.Debug|Win32.Build.0 = Debug|Win32
		{80E95865-DD5A-4E90-83FE-10BC3EB7B3B1}.Debug|x64.ActiveCfg = Debug|x64
		{80E95865-DD5A-4E90-83FE-10BC3EB7B3B1}.Debug|x64.Build.0 = Debug|x64
		{80E95865-DD5A-4E90-83FE-10BC3EB7B3B1}.Release|Win32.ActiveCfg = Release|Win32
		{80E95865-DD5A-4E90-83FE-10BC3EB7B3B1}.Release|Win32.Build.0 = Release|Win32
		{80E95865-DD5A-4E90-83FE-10BC3EB7B3B1}.Release|x64.ActiveCfg = Release|x64
		{80E95865-DD5A-4E90-83FE-10BC3EB7B3B1}.Release|x64.Build.0 = Release|x64
		{E7CB2F10-AFA5-4EDB-AAAB-23330472A928}.Debug|Win32.ActiveCfg = Debug|Win32
		{E7CB2F10-AFA5-4EDB-AAAB-23330472A928}.Debug|Win32.Build.0 = Debug|Win32
		{E7CB2F10-AFA5-4EDB-AAAB-23330472A928}.Debug|x64.ActiveCfg = Debug|x64
		{E7CB2F10-AFA5-4EDB-AAAB-23330472A928}.Debug|x64.Build.0 = Debug|x64
		{E7CB2F10-AFA5-4EDB-AAAB-23330472A928}.Release|Win32.ActiveCfg = Release|Win32
		{E7CB2F10-AFA5-4EDB-AAAB-23330472A928}.Release|Win32.Build.0 = Release|Win32
		{E7CB2F10-AFA5-4EDB-AAAB-23330472A928}.Release|x64.ActiveCfg = Release|x64
		{E7CB2F10-AFA5-4EDB-AAAB-23330472A928}.Release|x64.Build.0 = Release|x64
	EndGlobalSection
	GlobalSection(SolutionProperties) = preSolution
		HideSolutionNode = FALSE
	EndGlobalSection
	GlobalSection(ExtensibilityGlobals) = postSolution
		SolutionGuid = {BAFE4573-4CCA-4FEE-8C2F-9CAF1E2F97A0}
	EndGlobalSection
EndGlobal
